
Microsoft Visual Studio Solution File, Format Version 12.00
# Visual Studio Version 16
VisualStudioVersion = 16.0.28803.156
MinimumVisualStudioVersion = 10.0.40219.1
Project("{FAE04EC0-301F-11D3-BF4B-00C04F79EFBC}") = "StrategyPattern-DuckExample", "DuckExample\StrategyPattern-DuckExample.csproj", "{440FD19C-B0D7-4A23-BE34-EA44207A2C13}"
EndProject
Project("{9A19103F-16F7-4668-BE54-9A1E7A4F7556}") = "ObserverPattern-WeatherData", "ObserverPattern-WeatherData\ObserverPattern-WeatherData.csproj", "{4A27C7CB-B566-4991-A916-2276B249C82D}"
EndProject
Project("{9A19103F-16F7-4668-BE54-9A1E7A4F7556}") = "ObserverPatternBuiltIn", "ObserverPatternBuiltIn\ObserverPatternBuiltIn.csproj", "{64310455-C3AC-48CC-A860-CBBBD6D1DBB5}"
EndProject
Project("{9A19103F-16F7-4668-BE54-9A1E7A4F7556}") = "DecoratorPattern", "DecoratorPattern\DecoratorPattern.csproj", "{33389911-438C-407F-B2DF-6AFA86F56389}"
EndProject
Project("{9A19103F-16F7-4668-BE54-9A1E7A4F7556}") = "DecoratorPattern-Stream", "DecoratorPattern-Stream\DecoratorPattern-Stream.csproj", "{30C69310-7E3E-4B40-9AA3-D018EBBD34E7}"
EndProject
Project("{9A19103F-16F7-4668-BE54-9A1E7A4F7556}") = "FactoryPattern", "FactoryPattern\FactoryPattern.csproj", "{771E2F62-74E7-4E55-9D36-C9CF9E59A129}"
EndProject
Project("{9A19103F-16F7-4668-BE54-9A1E7A4F7556}") = "SingletonPattern", "SingletonPattern\SingletonPattern.csproj", "{91DEBA3B-5E61-4EEA-9020-A6F316FE7C68}"
EndProject
Project("{9A19103F-16F7-4668-BE54-9A1E7A4F7556}") = "CommandPattern", "CommandPattern\CommandPattern.csproj", "{683F3F57-F53A-4827-8D8B-FA4D00363A3C}"
EndProject
Project("{FAE04EC0-301F-11D3-BF4B-00C04F79EFBC}") = "FactoryPattern-SimpleFactory", "FactoryPattern-SimpleFactory\FactoryPattern-SimpleFactory.csproj", "{5450A008-D00E-4DF8-967D-5646187414B3}"
EndProject
Global
	GlobalSection(SolutionConfigurationPlatforms) = preSolution
		Debug|Any CPU = Debug|Any CPU
		Release|Any CPU = Release|Any CPU
	EndGlobalSection
	GlobalSection(ProjectConfigurationPlatforms) = postSolution
		{440FD19C-B0D7-4A23-BE34-EA44207A2C13}.Debug|Any CPU.ActiveCfg = Debug|Any CPU
		{440FD19C-B0D7-4A23-BE34-EA44207A2C13}.Debug|Any CPU.Build.0 = Debug|Any CPU
		{440FD19C-B0D7-4A23-BE34-EA44207A2C13}.Release|Any CPU.ActiveCfg = Release|Any CPU
		{440FD19C-B0D7-4A23-BE34-EA44207A2C13}.Release|Any CPU.Build.0 = Release|Any CPU
		{4A27C7CB-B566-4991-A916-2276B249C82D}.Debug|Any CPU.ActiveCfg = Debug|Any CPU
		{4A27C7CB-B566-4991-A916-2276B249C82D}.Debug|Any CPU.Build.0 = Debug|Any CPU
		{4A27C7CB-B566-4991-A916-2276B249C82D}.Release|Any CPU.ActiveCfg = Release|Any CPU
		{4A27C7CB-B566-4991-A916-2276B249C82D}.Release|Any CPU.Build.0 = Release|Any CPU
		{64310455-C3AC-48CC-A860-CBBBD6D1DBB5}.Debug|Any CPU.ActiveCfg = Debug|Any CPU
		{64310455-C3AC-48CC-A860-CBBBD6D1DBB5}.Debug|Any CPU.Build.0 = Debug|Any CPU
		{64310455-C3AC-48CC-A860-CBBBD6D1DBB5}.Release|Any CPU.ActiveCfg = Release|Any CPU
		{64310455-C3AC-48CC-A860-CBBBD6D1DBB5}.Release|Any CPU.Build.0 = Release|Any CPU
		{33389911-438C-407F-B2DF-6AFA86F56389}.Debug|Any CPU.ActiveCfg = Debug|Any CPU
		{33389911-438C-407F-B2DF-6AFA86F56389}.Debug|Any CPU.Build.0 = Debug|Any CPU
		{33389911-438C-407F-B2DF-6AFA86F56389}.Release|Any CPU.ActiveCfg = Release|Any CPU
		{33389911-438C-407F-B2DF-6AFA86F56389}.Release|Any CPU.Build.0 = Release|Any CPU
		{30C69310-7E3E-4B40-9AA3-D018EBBD34E7}.Debug|Any CPU.ActiveCfg = Debug|Any CPU
		{30C69310-7E3E-4B40-9AA3-D018EBBD34E7}.Debug|Any CPU.Build.0 = Debug|Any CPU
		{30C69310-7E3E-4B40-9AA3-D018EBBD34E7}.Release|Any CPU.ActiveCfg = Release|Any CPU
		{30C69310-7E3E-4B40-9AA3-D018EBBD34E7}.Release|Any CPU.Build.0 = Release|Any CPU
		{771E2F62-74E7-4E55-9D36-C9CF9E59A129}.Debug|Any CPU.ActiveCfg = Debug|Any CPU
		{771E2F62-74E7-4E55-9D36-C9CF9E59A129}.Debug|Any CPU.Build.0 = Debug|Any CPU
		{771E2F62-74E7-4E55-9D36-C9CF9E59A129}.Release|Any CPU.ActiveCfg = Release|Any CPU
		{771E2F62-74E7-4E55-9D36-C9CF9E59A129}.Release|Any CPU.Build.0 = Release|Any CPU
		{91DEBA3B-5E61-4EEA-9020-A6F316FE7C68}.Debug|Any CPU.ActiveCfg = Debug|Any CPU
		{91DEBA3B-5E61-4EEA-9020-A6F316FE7C68}.Debug|Any CPU.Build.0 = Debug|Any CPU
		{91DEBA3B-5E61-4EEA-9020-A6F316FE7C68}.Release|Any CPU.ActiveCfg = Release|Any CPU
		{91DEBA3B-5E61-4EEA-9020-A6F316FE7C68}.Release|Any CPU.Build.0 = Release|Any CPU
		{683F3F57-F53A-4827-8D8B-FA4D00363A3C}.Debug|Any CPU.ActiveCfg = Debug|Any CPU
		{683F3F57-F53A-4827-8D8B-FA4D00363A3C}.Debug|Any CPU.Build.0 = Debug|Any CPU
		{683F3F57-F53A-4827-8D8B-FA4D00363A3C}.Release|Any CPU.ActiveCfg = Release|Any CPU
		{683F3F57-F53A-4827-8D8B-FA4D00363A3C}.Release|Any CPU.Build.0 = Release|Any CPU
		{5450A008-D00E-4DF8-967D-5646187414B3}.Debug|Any CPU.ActiveCfg = Debug|Any CPU
		{5450A008-D00E-4DF8-967D-5646187414B3}.Debug|Any CPU.Build.0 = Debug|Any CPU
		{5450A008-D00E-4DF8-967D-5646187414B3}.Release|Any CPU.ActiveCfg = Release|Any CPU
		{5450A008-D00E-4DF8-967D-5646187414B3}.Release|Any CPU.Build.0 = Release|Any CPU
	EndGlobalSection
	GlobalSection(SolutionProperties) = preSolution
		HideSolutionNode = FALSE
	EndGlobalSection
	GlobalSection(ExtensibilityGlobals) = postSolution
		SolutionGuid = {68D80894-B40F-4BB6-9CE9-12524F2AFC88}
	EndGlobalSection
EndGlobal
